
Microsoft Visual Studio Solution File, Format Version 12.00
# Visual Studio Version 17
VisualStudioVersion = 17.8.34330.188
MinimumVisualStudioVersion = 10.0.40219.1
Project("{FAE04EC0-301F-11D3-BF4B-00C04F79EFBC}") = "CSVApi", "CSVApi.csproj", "{DABD7CCB-4B04-4A25-8C96-7FBDA9D78E88}"
EndProject
Global
	GlobalSection(SolutionConfigurationPlatforms) = preSolution
		Debug|Any CPU = Debug|Any CPU
		Release|Any CPU = Release|Any CPU
	EndGlobalSection
	GlobalSection(ProjectConfigurationPlatforms) = postSolution
		{DABD7CCB-4B04-4A25-8C96-7FBDA9D78E88}.Debug|Any CPU.ActiveCfg = Debug|Any CPU
		{DABD7CCB-4B04-4A25-8C96-7FBDA9D78E88}.Debug|Any CPU.Build.0 = Debug|Any CPU
		{DABD7CCB-4B04-4A25-8C96-7FBDA9D78E88}.Release|Any CPU.ActiveCfg = Release|Any CPU
		{DABD7CCB-4B04-4A25-8C96-7FBDA9D78E88}.Release|Any CPU.Build.0 = Release|Any CPU
	EndGlobalSection
	GlobalSection(SolutionProperties) = preSolution
		HideSolutionNode = FALSE
	EndGlobalSection
	GlobalSection(ExtensibilityGlobals) = postSolution
		SolutionGuid = {341FE78D-40AC-4FDA-8BA5-D894D71D5257}
	EndGlobalSection
EndGlobal
